
Microsoft Visual Studio Solution File, Format Version 12.00
# Visual Studio 15
VisualStudioVersion = 15.0.28307.421
MinimumVisualStudioVersion = 10.0.40219.1
Project("{888888A0-9F3D-457C-B088-3A5042F75D52}") = "Generic_ur5_controller", "Generic_ur5_controller\Generic_ur5_controller.pyproj", "{B12A21B2-2063-4AAE-AE6B-A2C103BAAD31}"
EndProject
Global
	GlobalSection(SolutionConfigurationPlatforms) = preSolution
		Debug|Any CPU = Debug|Any CPU
		Release|Any CPU = Release|Any CPU
	EndGlobalSection
	GlobalSection(ProjectConfigurationPlatforms) = postSolution
		{B12A21B2-2063-4AAE-AE6B-A2C103BAAD31}.Debug|Any CPU.ActiveCfg = Debug|Any CPU
		{B12A21B2-2063-4AAE-AE6B-A2C103BAAD31}.Release|Any CPU.ActiveCfg = Release|Any CPU
	EndGlobalSection
	GlobalSection(SolutionProperties) = preSolution
		HideSolutionNode = FALSE
	EndGlobalSection
	GlobalSection(ExtensibilityGlobals) = postSolution
		SolutionGuid = {7A585098-B968-4B68-B2BA-5C6CE58D572B}
	EndGlobalSection
EndGlobal
